{
  "name": "azure",
  "version": "1.0.0",
  "lockfileVersion": 3,
  "requires": true,
  "packages": {
    "": {
      "name": "azure",
      "version": "1.0.0",
      "dependencies": {
        "@azure/functions": "^4.0.0-alpha.7"
      },
      "devDependencies": {
        "@types/node": "^18.x",
        "typescript": "^4.0.0"
      }
    },
    "node_modules/@azure/functions": {
      "version": "4.0.1",
      "resolved": "https://registry.npmjs.org/@azure/functions/-/functions-4.0.1.tgz",
      "integrity": "sha512-Ol38b4XOlu6IDkLnO91HaYeo2utMixG0LIA1NR9Qehu17U/cGjNx+bAcOEdNlSJWNYh5ChhzjxA/uFB5dQJtmg==",
      "dependencies": {
        "long": "^4.0.0",
        "undici": "^5.13.0"
      },
      "engines": {
        "node": ">=18.0"
      }
    },
    "node_modules/@fastify/busboy": {
      "version": "2.0.0",
      "resolved": "https://registry.npmjs.org/@fastify/busboy/-/busboy-2.0.0.tgz",
      "integrity": "sha512-JUFJad5lv7jxj926GPgymrWQxxjPYuJNiNjNMzqT+HiuP6Vl3dk5xzG+8sTX96np0ZAluvaMzPsjhHZ5rNuNQQ==",
      "engines": {
        "node": ">=14"
      }
    },
    "node_modules/@types/node": {
      "version": "18.18.7",
      "resolved": "https://registry.npmjs.org/@types/node/-/node-18.18.7.tgz",
      "integrity": "sha512-bw+lEsxis6eqJYW8Ql6+yTqkE6RuFtsQPSe5JxXbqYRFQEER5aJA9a5UH9igqDWm3X4iLHIKOHlnAXLM4mi7uQ==",
      "dev": true,
      "dependencies": {
        "undici-types": "~5.26.4"
      }
    },
    "node_modules/long": {
      "version": "4.0.0",
      "resolved": "https://registry.npmjs.org/long/-/long-4.0.0.tgz",
      "integrity": "sha512-XsP+KhQif4bjX1kbuSiySJFNAehNxgLb6hPRGJ9QsUr8ajHkuXGdrHmFUTUUXhDwVX2R5bY4JNZEwbUiMhV+MA=="
    },
    "node_modules/typescript": {
      "version": "4.9.5",
      "resolved": "https://registry.npmjs.org/typescript/-/typescript-4.9.5.tgz",
      "integrity": "sha512-1FXk9E2Hm+QzZQ7z+McJiHL4NW1F2EzMu9Nq9i3zAaGqibafqYwCVU6WyWAuyQRRzOlxou8xZSyXLEN8oKj24g==",
      "dev": true,
      "bin": {
        "tsc": "bin/tsc",
        "tsserver": "bin/tsserver"
      },
      "engines": {
        "node": ">=4.2.0"
      }
    },
    "node_modules/undici": {
      "version": "5.27.0",
      "resolved": "https://registry.npmjs.org/undici/-/undici-5.27.0.tgz",
      "integrity": "sha512-l3ydWhlhOJzMVOYkymLykcRRXqbUaQriERtR70B9LzNkZ4bX52Fc8wbTDneMiwo8T+AemZXvXaTx+9o5ROxrXg==",
      "dependencies": {
        "@fastify/busboy": "^2.0.0"
      },
      "engines": {
        "node": ">=14.0"
      }
    },
    "node_modules/undici-types": {
      "version": "5.26.5",
      "resolved": "https://registry.npmjs.org/undici-types/-/undici-types-5.26.5.tgz",
      "integrity": "sha512-JlCMO+ehdEIKqlFxk6IfVoAUVmgz7cU7zD/h9XZ0qzeosSHmUJVOzSQvvYSYWXkFXC+IfLKSIffhv0sVZup6pA==",
      "dev": true
    }
  }
}
